// !$*UTF8*$!
{
	archiveVersion = 1;
	classes = {
	};
	objectVersion = 56;
	objects = {

/* Begin PBXBuildFile section */
		544D75EA29F14F3000BCF130 /* AppDelegate.swift in Sources */ = {isa = PBXBuildFile; fileRef = 544D75E929F14F3000BCF130 /* AppDelegate.swift */; };
		544D75EC29F14F3000BCF130 /* SceneDelegate.swift in Sources */ = {isa = PBXBuildFile; fileRef = 544D75EB29F14F3000BCF130 /* SceneDelegate.swift */; };
		544D75EE29F14F3000BCF130 /* RMTabViewController.swift in Sources */ = {isa = PBXBuildFile; fileRef = 544D75ED29F14F3000BCF130 /* RMTabViewController.swift */; };
		544D75F329F14F3100BCF130 /* Assets.xcassets in Resources */ = {isa = PBXBuildFile; fileRef = 544D75F229F14F3100BCF130 /* Assets.xcassets */; };
		544D75F629F14F3100BCF130 /* LaunchScreen.storyboard in Resources */ = {isa = PBXBuildFile; fileRef = 544D75F429F14F3100BCF130 /* LaunchScreen.storyboard */; };
		544D760829F152F600BCF130 /* RMLocation.swift in Sources */ = {isa = PBXBuildFile; fileRef = 544D760729F152F600BCF130 /* RMLocation.swift */; };
		544D760A29F1530B00BCF130 /* RMCaracter.swift in Sources */ = {isa = PBXBuildFile; fileRef = 544D760929F1530B00BCF130 /* RMCaracter.swift */; };
		544D760C29F1532700BCF130 /* RMEpisode.swift in Sources */ = {isa = PBXBuildFile; fileRef = 544D760B29F1532700BCF130 /* RMEpisode.swift */; };
		544D760F29F153C400BCF130 /* RMCaracterViewController.swift in Sources */ = {isa = PBXBuildFile; fileRef = 544D760E29F153C400BCF130 /* RMCaracterViewController.swift */; };
		544D761129F153DC00BCF130 /* RMLocationViewController.swift in Sources */ = {isa = PBXBuildFile; fileRef = 544D761029F153DC00BCF130 /* RMLocationViewController.swift */; };
		544D761329F153F300BCF130 /* RMEpisodeViewController.swift in Sources */ = {isa = PBXBuildFile; fileRef = 544D761229F153F300BCF130 /* RMEpisodeViewController.swift */; };
		544D761529F153FC00BCF130 /* RMSettingsViewController.swift in Sources */ = {isa = PBXBuildFile; fileRef = 544D761429F153FC00BCF130 /* RMSettingsViewController.swift */; };
/* End PBXBuildFile section */

/* Begin PBXFileReference section */
		544D75E629F14F3000BCF130 /* RickAndMorty.app */ = {isa = PBXFileReference; explicitFileType = wrapper.application; includeInIndex = 0; path = RickAndMorty.app; sourceTree = BUILT_PRODUCTS_DIR; };
		544D75E929F14F3000BCF130 /* AppDelegate.swift */ = {isa = PBXFileReference; lastKnownFileType = sourcecode.swift; path = AppDelegate.swift; sourceTree = "<group>"; };
		544D75EB29F14F3000BCF130 /* SceneDelegate.swift */ = {isa = PBXFileReference; lastKnownFileType = sourcecode.swift; path = SceneDelegate.swift; sourceTree = "<group>"; };
		544D75ED29F14F3000BCF130 /* RMTabViewController.swift */ = {isa = PBXFileReference; lastKnownFileType = sourcecode.swift; path = RMTabViewController.swift; sourceTree = "<group>"; };
		544D75F229F14F3100BCF130 /* Assets.xcassets */ = {isa = PBXFileReference; lastKnownFileType = folder.assetcatalog; path = Assets.xcassets; sourceTree = "<group>"; };
		544D75F529F14F3100BCF130 /* Base */ = {isa = PBXFileReference; lastKnownFileType = file.storyboard; name = Base; path = Base.lproj/LaunchScreen.storyboard; sourceTree = "<group>"; };
		544D75F729F14F3100BCF130 /* Info.plist */ = {isa = PBXFileReference; lastKnownFileType = text.plist.xml; path = Info.plist; sourceTree = "<group>"; };
		544D760729F152F600BCF130 /* RMLocation.swift */ = {isa = PBXFileReference; lastKnownFileType = sourcecode.swift; path = RMLocation.swift; sourceTree = "<group>"; };
		544D760929F1530B00BCF130 /* RMCaracter.swift */ = {isa = PBXFileReference; lastKnownFileType = sourcecode.swift; path = RMCaracter.swift; sourceTree = "<group>"; };
		544D760B29F1532700BCF130 /* RMEpisode.swift */ = {isa = PBXFileReference; lastKnownFileType = sourcecode.swift; path = RMEpisode.swift; sourceTree = "<group>"; };
		544D760E29F153C400BCF130 /* RMCaracterViewController.swift */ = {isa = PBXFileReference; lastKnownFileType = sourcecode.swift; path = RMCaracterViewController.swift; sourceTree = "<group>"; };
		544D761029F153DC00BCF130 /* RMLocationViewController.swift */ = {isa = PBXFileReference; lastKnownFileType = sourcecode.swift; path = RMLocationViewController.swift; sourceTree = "<group>"; };
		544D761229F153F300BCF130 /* RMEpisodeViewController.swift */ = {isa = PBXFileReference; lastKnownFileType = sourcecode.swift; path = RMEpisodeViewController.swift; sourceTree = "<group>"; };
		544D761429F153FC00BCF130 /* RMSettingsViewController.swift */ = {isa = PBXFileReference; lastKnownFileType = sourcecode.swift; path = RMSettingsViewController.swift; sourceTree = "<group>"; };
/* End PBXFileReference section */

/* Begin PBXFrameworksBuildPhase section */
		544D75E329F14F3000BCF130 /* Frameworks */ = {
			isa = PBXFrameworksBuildPhase;
			buildActionMask = 2147483647;
			files = (
			);
			runOnlyForDeploymentPostprocessing = 0;
		};
/* End PBXFrameworksBuildPhase section */

/* Begin PBXGroup section */
		544D75DD29F14F3000BCF130 = {
			isa = PBXGroup;
			children = (
				544D75E829F14F3000BCF130 /* RickAndMorty */,
				544D75E729F14F3000BCF130 /* Products */,
			);
			sourceTree = "<group>";
		};
		544D75E729F14F3000BCF130 /* Products */ = {
			isa = PBXGroup;
			children = (
				544D75E629F14F3000BCF130 /* RickAndMorty.app */,
			);
			name = Products;
			sourceTree = "<group>";
		};
		544D75E829F14F3000BCF130 /* RickAndMorty */ = {
			isa = PBXGroup;
			children = (
				544D760429F151BE00BCF130 /* Resouces */,
				544D760329F1517600BCF130 /* Menagers */,
				544D760229F1516800BCF130 /* APIClient */,
				544D760129F1515800BCF130 /* Menegers */,
				544D760029F1514C00BCF130 /* ViewModels */,
				544D75FF29F1514100BCF130 /* Views */,
				544D75FE29F1513A00BCF130 /* Models */,
				544D75FD29F1513300BCF130 /* Controllers */,
				544D75F729F14F3100BCF130 /* Info.plist */,
			);
			path = RickAndMorty;
			sourceTree = "<group>";
		};
		544D75FD29F1513300BCF130 /* Controllers */ = {
			isa = PBXGroup;
			children = (
				544D760D29F1539200BCF130 /* Core */,
			);
			path = Controllers;
			sourceTree = "<group>";
		};
		544D75FE29F1513A00BCF130 /* Models */ = {
			isa = PBXGroup;
			children = (
				544D760729F152F600BCF130 /* RMLocation.swift */,
				544D760929F1530B00BCF130 /* RMCaracter.swift */,
				544D760B29F1532700BCF130 /* RMEpisode.swift */,
			);
			path = Models;
			sourceTree = "<group>";
		};
		544D75FF29F1514100BCF130 /* Views */ = {
			isa = PBXGroup;
			children = (
			);
			path = Views;
			sourceTree = "<group>";
		};
		544D760029F1514C00BCF130 /* ViewModels */ = {
			isa = PBXGroup;
			children = (
			);
			path = ViewModels;
			sourceTree = "<group>";
		};
		544D760129F1515800BCF130 /* Menegers */ = {
			isa = PBXGroup;
			children = (
			);
			path = Menegers;
			sourceTree = "<group>";
		};
		544D760229F1516800BCF130 /* APIClient */ = {
			isa = PBXGroup;
			children = (
			);
			path = APIClient;
			sourceTree = "<group>";
		};
		544D760329F1517600BCF130 /* Menagers */ = {
			isa = PBXGroup;
			children = (
			);
			path = Menagers;
			sourceTree = "<group>";
		};
		544D760429F151BE00BCF130 /* Resouces */ = {
			isa = PBXGroup;
			children = (
				544D75F229F14F3100BCF130 /* Assets.xcassets */,
				544D75F429F14F3100BCF130 /* LaunchScreen.storyboard */,
				544D75E929F14F3000BCF130 /* AppDelegate.swift */,
				544D75EB29F14F3000BCF130 /* SceneDelegate.swift */,
			);
			path = Resouces;
			sourceTree = "<group>";
		};
		544D760D29F1539200BCF130 /* Core */ = {
			isa = PBXGroup;
			children = (
				544D75ED29F14F3000BCF130 /* RMTabViewController.swift */,
				544D760E29F153C400BCF130 /* RMCaracterViewController.swift */,
				544D761029F153DC00BCF130 /* RMLocationViewController.swift */,
				544D761229F153F300BCF130 /* RMEpisodeViewController.swift */,
				544D761429F153FC00BCF130 /* RMSettingsViewController.swift */,
			);
			path = Core;
			sourceTree = "<group>";
		};
/* End PBXGroup section */

/* Begin PBXNativeTarget section */
		544D75E529F14F3000BCF130 /* RickAndMorty */ = {
			isa = PBXNativeTarget;
			buildConfigurationList = 544D75FA29F14F3100BCF130 /* Build configuration list for PBXNativeTarget "RickAndMorty" */;
			buildPhases = (
				544D75E229F14F3000BCF130 /* Sources */,
				544D75E329F14F3000BCF130 /* Frameworks */,
				544D75E429F14F3000BCF130 /* Resources */,
			);
			buildRules = (
			);
			dependencies = (
			);
			name = RickAndMorty;
			productName = RickAndMorty;
			productReference = 544D75E629F14F3000BCF130 /* RickAndMorty.app */;
			productType = "com.apple.product-type.application";
		};
/* End PBXNativeTarget section */

/* Begin PBXProject section */
		544D75DE29F14F3000BCF130 /* Project object */ = {
			isa = PBXProject;
			attributes = {
				BuildIndependentTargetsInParallel = 1;
				LastSwiftUpdateCheck = 1430;
				LastUpgradeCheck = 1430;
				TargetAttributes = {
					544D75E529F14F3000BCF130 = {
						CreatedOnToolsVersion = 14.3;
					};
				};
			};
			buildConfigurationList = 544D75E129F14F3000BCF130 /* Build configuration list for PBXProject "RickAndMorty" */;
			compatibilityVersion = "Xcode 14.0";
			developmentRegion = en;
			hasScannedForEncodings = 0;
			knownRegions = (
				en,
				Base,
			);
			mainGroup = 544D75DD29F14F3000BCF130;
			productRefGroup = 544D75E729F14F3000BCF130 /* Products */;
			projectDirPath = "";
			projectRoot = "";
			targets = (
				544D75E529F14F3000BCF130 /* RickAndMorty */,
			);
		};
/* End PBXProject section */

/* Begin PBXResourcesBuildPhase section */
		544D75E429F14F3000BCF130 /* Resources */ = {
			isa = PBXResourcesBuildPhase;
			buildActionMask = 2147483647;
			files = (
				544D75F629F14F3100BCF130 /* LaunchScreen.storyboard in Resources */,
				544D75F329F14F3100BCF130 /* Assets.xcassets in Resources */,
			);
			runOnlyForDeploymentPostprocessing = 0;
		};
/* End PBXResourcesBuildPhase section */

/* Begin PBXSourcesBuildPhase section */
		544D75E229F14F3000BCF130 /* Sources */ = {
			isa = PBXSourcesBuildPhase;
			buildActionMask = 2147483647;
			files = (
				544D761129F153DC00BCF130 /* RMLocationViewController.swift in Sources */,
				544D760F29F153C400BCF130 /* RMCaracterViewController.swift in Sources */,
				544D760C29F1532700BCF130 /* RMEpisode.swift in Sources */,
				544D761329F153F300BCF130 /* RMEpisodeViewController.swift in Sources */,
				544D75EE29F14F3000BCF130 /* RMTabViewController.swift in Sources */,
				544D75EA29F14F3000BCF130 /* AppDelegate.swift in Sources */,
				544D761529F153FC00BCF130 /* RMSettingsViewController.swift in Sources */,
				544D760A29F1530B00BCF130 /* RMCaracter.swift in Sources */,
				544D75EC29F14F3000BCF130 /* SceneDelegate.swift in Sources */,
				544D760829F152F600BCF130 /* RMLocation.swift in Sources */,
			);
			runOnlyForDeploymentPostprocessing = 0;
		};
/* End PBXSourcesBuildPhase section */

/* Begin PBXVariantGroup section */
		544D75F429F14F3100BCF130 /* LaunchScreen.storyboard */ = {
			isa = PBXVariantGroup;
			children = (
				544D75F529F14F3100BCF130 /* Base */,
			);
			name = LaunchScreen.storyboard;
			sourceTree = "<group>";
		};
/* End PBXVariantGroup section */

/* Begin XCBuildConfiguration section */
		544D75F829F14F3100BCF130 /* Debug */ = {
			isa = XCBuildConfiguration;
			buildSettings = {
				ALWAYS_SEARCH_USER_PATHS = NO;
				CLANG_ANALYZER_NONNULL = YES;
				CLANG_ANALYZER_NUMBER_OBJECT_CONVERSION = YES_AGGRESSIVE;
				CLANG_CXX_LANGUAGE_STANDARD = "gnu++20";
				CLANG_ENABLE_MODULES = YES;
				CLANG_ENABLE_OBJC_ARC = YES;
				CLANG_ENABLE_OBJC_WEAK = YES;
				CLANG_WARN_BLOCK_CAPTURE_AUTORELEASING = YES;
				CLANG_WARN_BOOL_CONVERSION = YES;
				CLANG_WARN_COMMA = YES;
				CLANG_WARN_CONSTANT_CONVERSION = YES;
				CLANG_WARN_DEPRECATED_OBJC_IMPLEMENTATIONS = YES;
				CLANG_WARN_DIRECT_OBJC_ISA_USAGE = YES_ERROR;
				CLANG_WARN_DOCUMENTATION_COMMENTS = YES;
				CLANG_WARN_EMPTY_BODY = YES;
				CLANG_WARN_ENUM_CONVERSION = YES;
				CLANG_WARN_INFINITE_RECURSION = YES;
				CLANG_WARN_INT_CONVERSION = YES;
				CLANG_WARN_NON_LITERAL_NULL_CONVERSION = YES;
				CLANG_WARN_OBJC_IMPLICIT_RETAIN_SELF = YES;
				CLANG_WARN_OBJC_LITERAL_CONVERSION = YES;
				CLANG_WARN_OBJC_ROOT_CLASS = YES_ERROR;
				CLANG_WARN_QUOTED_INCLUDE_IN_FRAMEWORK_HEADER = YES;
				CLANG_WARN_RANGE_LOOP_ANALYSIS = YES;
				CLANG_WARN_STRICT_PROTOTYPES = YES;
				CLANG_WARN_SUSPICIOUS_MOVE = YES;
				CLANG_WARN_UNGUARDED_AVAILABILITY = YES_AGGRESSIVE;
				CLANG_WARN_UNREACHABLE_CODE = YES;
				CLANG_WARN__DUPLICATE_METHOD_MATCH = YES;
				COPY_PHASE_STRIP = NO;
				DEBUG_INFORMATION_FORMAT = dwarf;
				ENABLE_STRICT_OBJC_MSGSEND = YES;
				ENABLE_TESTABILITY = YES;
				GCC_C_LANGUAGE_STANDARD = gnu11;
				GCC_DYNAMIC_NO_PIC = NO;
				GCC_NO_COMMON_BLOCKS = YES;
				GCC_OPTIMIZATION_LEVEL = 0;
				GCC_PREPROCESSOR_DEFINITIONS = (
					"DEBUG=1",
					"$(inherited)",
				);
				GCC_WARN_64_TO_32_BIT_CONVERSION = YES;
				GCC_WARN_ABOUT_RETURN_TYPE = YES_ERROR;
				GCC_WARN_UNDECLARED_SELECTOR = YES;
				GCC_WARN_UNINITIALIZED_AUTOS = YES_AGGRESSIVE;
				GCC_WARN_UNUSED_FUNCTION = YES;
				GCC_WARN_UNUSED_VARIABLE = YES;
				IPHONEOS_DEPLOYMENT_TARGET = 16.4;
				MTL_ENABLE_DEBUG_INFO = INCLUDE_SOURCE;
				MTL_FAST_MATH = YES;
				ONLY_ACTIVE_ARCH = YES;
				SDKROOT = iphoneos;
				SWIFT_ACTIVE_COMPILATION_CONDITIONS = DEBUG;
				SWIFT_OPTIMIZATION_LEVEL = "-Onone";
			};
			name = Debug;
		};
		544D75F929F14F3100BCF130 /* Release */ = {
			isa = XCBuildConfiguration;
			buildSettings = {
				ALWAYS_SEARCH_USER_PATHS = NO;
				CLANG_ANALYZER_NONNULL = YES;
				CLANG_ANALYZER_NUMBER_OBJECT_CONVERSION = YES_AGGRESSIVE;
				CLANG_CXX_LANGUAGE_STANDARD = "gnu++20";
				CLANG_ENABLE_MODULES = YES;
				CLANG_ENABLE_OBJC_ARC = YES;
				CLANG_ENABLE_OBJC_WEAK = YES;
				CLANG_WARN_BLOCK_CAPTURE_AUTORELEASING = YES;
				CLANG_WARN_BOOL_CONVERSION = YES;
				CLANG_WARN_COMMA = YES;
				CLANG_WARN_CONSTANT_CONVERSION = YES;
				CLANG_WARN_DEPRECATED_OBJC_IMPLEMENTATIONS = YES;
				CLANG_WARN_DIRECT_OBJC_ISA_USAGE = YES_ERROR;
				CLANG_WARN_DOCUMENTATION_COMMENTS = YES;
				CLANG_WARN_EMPTY_BODY = YES;
				CLANG_WARN_ENUM_CONVERSION = YES;
				CLANG_WARN_INFINITE_RECURSION = YES;
				CLANG_WARN_INT_CONVERSION = YES;
				CLANG_WARN_NON_LITERAL_NULL_CONVERSION = YES;
				CLANG_WARN_OBJC_IMPLICIT_RETAIN_SELF = YES;
				CLANG_WARN_OBJC_LITERAL_CONVERSION = YES;
				CLANG_WARN_OBJC_ROOT_CLASS = YES_ERROR;
				CLANG_WARN_QUOTED_INCLUDE_IN_FRAMEWORK_HEADER = YES;
				CLANG_WARN_RANGE_LOOP_ANALYSIS = YES;
				CLANG_WARN_STRICT_PROTOTYPES = YES;
				CLANG_WARN_SUSPICIOUS_MOVE = YES;
				CLANG_WARN_UNGUARDED_AVAILABILITY = YES_AGGRESSIVE;
				CLANG_WARN_UNREACHABLE_CODE = YES;
				CLANG_WARN__DUPLICATE_METHOD_MATCH = YES;
				COPY_PHASE_STRIP = NO;
				DEBUG_INFORMATION_FORMAT = "dwarf-with-dsym";
				ENABLE_NS_ASSERTIONS = NO;
				ENABLE_STRICT_OBJC_MSGSEND = YES;
				GCC_C_LANGUAGE_STANDARD = gnu11;
				GCC_NO_COMMON_BLOCKS = YES;
				GCC_WARN_64_TO_32_BIT_CONVERSION = YES;
				GCC_WARN_ABOUT_RETURN_TYPE = YES_ERROR;
				GCC_WARN_UNDECLARED_SELECTOR = YES;
				GCC_WARN_UNINITIALIZED_AUTOS = YES_AGGRESSIVE;
				GCC_WARN_UNUSED_FUNCTION = YES;
				GCC_WARN_UNUSED_VARIABLE = YES;
				IPHONEOS_DEPLOYMENT_TARGET = 16.4;
				MTL_ENABLE_DEBUG_INFO = NO;
				MTL_FAST_MATH = YES;
				SDKROOT = iphoneos;
				SWIFT_COMPILATION_MODE = wholemodule;
				SWIFT_OPTIMIZATION_LEVEL = "-O";
				VALIDATE_PRODUCT = YES;
			};
			name = Release;
		};
		544D75FB29F14F3100BCF130 /* Debug */ = {
			isa = XCBuildConfiguration;
			buildSettings = {
				ASSETCATALOG_COMPILER_APPICON_NAME = AppIcon;
				ASSETCATALOG_COMPILER_GLOBAL_ACCENT_COLOR_NAME = AccentColor;
				CODE_SIGN_STYLE = Automatic;
				CURRENT_PROJECT_VERSION = 1;
				DEVELOPMENT_TEAM = V2HVAA9L4L;
				GENERATE_INFOPLIST_FILE = YES;
				INFOPLIST_FILE = RickAndMorty/Info.plist;
				INFOPLIST_KEY_UIApplicationSupportsIndirectInputEvents = YES;
				INFOPLIST_KEY_UILaunchStoryboardName = LaunchScreen;
				INFOPLIST_KEY_UISupportedInterfaceOrientations_iPad = "UIInterfaceOrientationPortrait UIInterfaceOrientationPortraitUpsideDown UIInterfaceOrientationLandscapeLeft UIInterfaceOrientationLandscapeRight";
				INFOPLIST_KEY_UISupportedInterfaceOrientations_iPhone = "UIInterfaceOrientationPortrait UIInterfaceOrientationLandscapeLeft UIInterfaceOrientationLandscapeRight";
				LD_RUNPATH_SEARCH_PATHS = (
					"$(inherited)",
					"@executable_path/Frameworks",
				);
				MARKETING_VERSION = 1.0;
				PRODUCT_BUNDLE_IDENTIFIER = babayan.RickAndMorty;
				PRODUCT_NAME = "$(TARGET_NAME)";
				SWIFT_EMIT_LOC_STRINGS = YES;
				SWIFT_VERSION = 5.0;
				TARGETED_DEVICE_FAMILY = "1,2";
			};
			name = Debug;
		};
		544D75FC29F14F3100BCF130 /* Release */ = {
			isa = XCBuildConfiguration;
			buildSettings = {
				ASSETCATALOG_COMPILER_APPICON_NAME = AppIcon;
				ASSETCATALOG_COMPILER_GLOBAL_ACCENT_COLOR_NAME = AccentColor;
				CODE_SIGN_STYLE = Automatic;
				CURRENT_PROJECT_VERSION = 1;
				DEVELOPMENT_TEAM = V2HVAA9L4L;
				GENERATE_INFOPLIST_FILE = YES;
				INFOPLIST_FILE = RickAndMorty/Info.plist;
				INFOPLIST_KEY_UIApplicationSupportsIndirectInputEvents = YES;
				INFOPLIST_KEY_UILaunchStoryboardName = LaunchScreen;
				INFOPLIST_KEY_UISupportedInterfaceOrientations_iPad = "UIInterfaceOrientationPortrait UIInterfaceOrientationPortraitUpsideDown UIInterfaceOrientationLandscapeLeft UIInterfaceOrientationLandscapeRight";
				INFOPLIST_KEY_UISupportedInterfaceOrientations_iPhone = "UIInterfaceOrientationPortrait UIInterfaceOrientationLandscapeLeft UIInterfaceOrientationLandscapeRight";
				LD_RUNPATH_SEARCH_PATHS = (
					"$(inherited)",
					"@executable_path/Frameworks",
				);
				MARKETING_VERSION = 1.0;
				PRODUCT_BUNDLE_IDENTIFIER = babayan.RickAndMorty;
				PRODUCT_NAME = "$(TARGET_NAME)";
				SWIFT_EMIT_LOC_STRINGS = YES;
				SWIFT_VERSION = 5.0;
				TARGETED_DEVICE_FAMILY = "1,2";
			};
			name = Release;
		};
/* End XCBuildConfiguration section */

/* Begin XCConfigurationList section */
		544D75E129F14F3000BCF130 /* Build configuration list for PBXProject "RickAndMorty" */ = {
			isa = XCConfigurationList;
			buildConfigurations = (
				544D75F829F14F3100BCF130 /* Debug */,
				544D75F929F14F3100BCF130 /* Release */,
			);
			defaultConfigurationIsVisible = 0;
			defaultConfigurationName = Release;
		};
		544D75FA29F14F3100BCF130 /* Build configuration list for PBXNativeTarget "RickAndMorty" */ = {
			isa = XCConfigurationList;
			buildConfigurations = (
				544D75FB29F14F3100BCF130 /* Debug */,
				544D75FC29F14F3100BCF130 /* Release */,
			);
			defaultConfigurationIsVisible = 0;
			defaultConfigurationName = Release;
		};
/* End XCConfigurationList section */
	};
	rootObject = 544D75DE29F14F3000BCF130 /* Project object */;
}
